{
  "nodes": {
    "nixpkgs": {
      "locked": {
        "lastModified": 1691547986,
        "narHash": "sha256-wP9a4GeMRrDOlwVmxMG+vFCXBjIZPmu3PiWd2XSZcgA=",
        "owner": "nixos",
        "repo": "nixpkgs",
        "rev": "3fbf60034e98b9f065f2af9f0d4669dcd5893c0d",
        "type": "github"
      },
      "original": {
        "owner": "nixos",
        "ref": "release-23.05",
        "repo": "nixpkgs",
        "type": "github"
      }
    },
    "root": {
      "inputs": {
        "nixpkgs": "nixpkgs"
      }
    }
  },
  "root": "root",
  "version": 7
}
